
Microsoft Visual Studio Solution File, Format Version 12.00
# Visual Studio 14
VisualStudioVersion = 14.0.24720.0
MinimumVisualStudioVersion = 10.0.40219.1
Project("{FAE04EC0-301F-11D3-BF4B-00C04F79EFBC}") = "Radame", "Radame.csproj", "{722DFDAE-9E40-4CDA-80AB-F86E09CBF71B}"
EndProject
Project("{FAE04EC0-301F-11D3-BF4B-00C04F79EFBC}") = "RadameBgTask", "RadameBgTask\RadameBgTask.csproj", "{D142F314-B54E-49A6-9C21-B75AB93358A0}"
EndProject
Global
	GlobalSection(SolutionConfigurationPlatforms) = preSolution
		Debug|Any CPU = Debug|Any CPU
		Debug|ARM = Debug|ARM
		Debug|x64 = Debug|x64
		Debug|x86 = Debug|x86
		Release|Any CPU = Release|Any CPU
		Release|ARM = Release|ARM
		Release|x64 = Release|x64
		Release|x86 = Release|x86
	EndGlobalSection
	GlobalSection(ProjectConfigurationPlatforms) = postSolution
		{722DFDAE-9E40-4CDA-80AB-F86E09CBF71B}.Debug|Any CPU.ActiveCfg = Debug|x86
		{722DFDAE-9E40-4CDA-80AB-F86E09CBF71B}.Debug|ARM.ActiveCfg = Debug|ARM
		{722DFDAE-9E40-4CDA-80AB-F86E09CBF71B}.Debug|ARM.Build.0 = Debug|ARM
		{722DFDAE-9E40-4CDA-80AB-F86E09CBF71B}.Debug|ARM.Deploy.0 = Debug|ARM
		{722DFDAE-9E40-4CDA-80AB-F86E09CBF71B}.Debug|x64.ActiveCfg = Debug|x64
		{722DFDAE-9E40-4CDA-80AB-F86E09CBF71B}.Debug|x64.Build.0 = Debug|x64
		{722DFDAE-9E40-4CDA-80AB-F86E09CBF71B}.Debug|x64.Deploy.0 = Debug|x64
		{722DFDAE-9E40-4CDA-80AB-F86E09CBF71B}.Debug|x86.ActiveCfg = Debug|x86
		{722DFDAE-9E40-4CDA-80AB-F86E09CBF71B}.Debug|x86.Build.0 = Debug|x86
		{722DFDAE-9E40-4CDA-80AB-F86E09CBF71B}.Debug|x86.Deploy.0 = Debug|x86
		{722DFDAE-9E40-4CDA-80AB-F86E09CBF71B}.Release|Any CPU.ActiveCfg = Release|x86
		{722DFDAE-9E40-4CDA-80AB-F86E09CBF71B}.Release|ARM.ActiveCfg = Release|ARM
		{722DFDAE-9E40-4CDA-80AB-F86E09CBF71B}.Release|ARM.Build.0 = Release|ARM
		{722DFDAE-9E40-4CDA-80AB-F86E09CBF71B}.Release|ARM.Deploy.0 = Release|ARM
		{722DFDAE-9E40-4CDA-80AB-F86E09CBF71B}.Release|x64.ActiveCfg = Release|x64
		{722DFDAE-9E40-4CDA-80AB-F86E09CBF71B}.Release|x64.Build.0 = Release|x64
		{722DFDAE-9E40-4CDA-80AB-F86E09CBF71B}.Release|x64.Deploy.0 = Release|x64
		{722DFDAE-9E40-4CDA-80AB-F86E09CBF71B}.Release|x86.ActiveCfg = Release|x86
		{722DFDAE-9E40-4CDA-80AB-F86E09CBF71B}.Release|x86.Build.0 = Release|x86
		{722DFDAE-9E40-4CDA-80AB-F86E09CBF71B}.Release|x86.Deploy.0 = Release|x86
		{D142F314-B54E-49A6-9C21-B75AB93358A0}.Debug|Any CPU.ActiveCfg = Debug|Any CPU
		{D142F314-B54E-49A6-9C21-B75AB93358A0}.Debug|Any CPU.Build.0 = Debug|Any CPU
		{D142F314-B54E-49A6-9C21-B75AB93358A0}.Debug|ARM.ActiveCfg = Debug|ARM
		{D142F314-B54E-49A6-9C21-B75AB93358A0}.Debug|ARM.Build.0 = Debug|ARM
		{D142F314-B54E-49A6-9C21-B75AB93358A0}.Debug|x64.ActiveCfg = Debug|x64
		{D142F314-B54E-49A6-9C21-B75AB93358A0}.Debug|x64.Build.0 = Debug|x64
		{D142F314-B54E-49A6-9C21-B75AB93358A0}.Debug|x86.ActiveCfg = Debug|x86
		{D142F314-B54E-49A6-9C21-B75AB93358A0}.Debug|x86.Build.0 = Debug|x86
		{D142F314-B54E-49A6-9C21-B75AB93358A0}.Release|Any CPU.ActiveCfg = Release|Any CPU
		{D142F314-B54E-49A6-9C21-B75AB93358A0}.Release|Any CPU.Build.0 = Release|Any CPU
		{D142F314-B54E-49A6-9C21-B75AB93358A0}.Release|ARM.ActiveCfg = Release|ARM
		{D142F314-B54E-49A6-9C21-B75AB93358A0}.Release|ARM.Build.0 = Release|ARM
		{D142F314-B54E-49A6-9C21-B75AB93358A0}.Release|x64.ActiveCfg = Release|x64
		{D142F314-B54E-49A6-9C21-B75AB93358A0}.Release|x64.Build.0 = Release|x64
		{D142F314-B54E-49A6-9C21-B75AB93358A0}.Release|x86.ActiveCfg = Release|x86
		{D142F314-B54E-49A6-9C21-B75AB93358A0}.Release|x86.Build.0 = Release|x86
	EndGlobalSection
	GlobalSection(SolutionProperties) = preSolution
		HideSolutionNode = FALSE
	EndGlobalSection
EndGlobal
